Microsoft Visual Studio Solution File, Format Version 12.00
# Visual Studio 2012
Project("{FAE04EC0-301F-11D3-BF4B-00C04F79EFBC}") = "Salem", "Salem.csproj", "{C49976B8-3F24-474C-9C1F-05EB54CD8FF4}"
EndProject
Global
	GlobalSection(SolutionConfigurationPlatforms) = preSolution
	Debug|Any CPU = Debug|Any CPU
	Release|Any CPU = Release|Any CPU
	Tools|Any CPU = Tools|Any CPU
	EndGlobalSection
	GlobalSection(ProjectConfigurationPlatforms) = postSolution
		{C49976B8-3F24-474C-9C1F-05EB54CD8FF4}.Debug|Any CPU.ActiveCfg = Debug|Any CPU
		{C49976B8-3F24-474C-9C1F-05EB54CD8FF4}.Debug|Any CPU.Build.0 = Debug|Any CPU
		{C49976B8-3F24-474C-9C1F-05EB54CD8FF4}.Release|Any CPU.ActiveCfg = Release|Any CPU
		{C49976B8-3F24-474C-9C1F-05EB54CD8FF4}.Release|Any CPU.Build.0 = Release|Any CPU
		{C49976B8-3F24-474C-9C1F-05EB54CD8FF4}.Tools|Any CPU.ActiveCfg = Tools|Any CPU
		{C49976B8-3F24-474C-9C1F-05EB54CD8FF4}.Tools|Any CPU.Build.0 = Tools|Any CPU
	EndGlobalSection
EndGlobal
